
Microsoft Visual Studio Solution File, Format Version 12.00
# Visual Studio 15
Project("{FAE04EC0-301F-11D3-BF4B-00C04F79EFBC}") = "Assembly-CSharp", "Assembly-CSharp.csproj", "{B8810FA5-1477-B428-AC25-449B7E89E864}"
EndProject
Global
	GlobalSection(SolutionConfigurationPlatforms) = preSolution
		Debug|Any CPU = Debug|Any CPU
		Release|Any CPU = Release|Any CPU
	EndGlobalSection
	GlobalSection(ProjectConfigurationPlatforms) = postSolution
		{B8810FA5-1477-B428-AC25-449B7E89E864}.Debug|Any CPU.ActiveCfg = Debug|Any CPU
		{B8810FA5-1477-B428-AC25-449B7E89E864}.Debug|Any CPU.Build.0 = Debug|Any CPU
		{B8810FA5-1477-B428-AC25-449B7E89E864}.Release|Any CPU.ActiveCfg = Release|Any CPU
		{B8810FA5-1477-B428-AC25-449B7E89E864}.Release|Any CPU.Build.0 = Release|Any CPU
	EndGlobalSection
	GlobalSection(SolutionProperties) = preSolution
		HideSolutionNode = FALSE
	EndGlobalSection
EndGlobal
